
Microsoft Visual Studio Solution File, Format Version 12.00
# Visual Studio 2012
Project("{FAE04EC0-301F-11D3-BF4B-00C04F79EFBC}") = "leftter_demo", "leftter_demo\leftter_demo.csproj", "{A837F619-08A8-46C3-9C6A-13F18565E25B}"
EndProject
Project("{FAE04EC0-301F-11D3-BF4B-00C04F79EFBC}") = "leftter_demo.Droid", "Droid\leftter_demo.Droid.csproj", "{2144DAD6-C10C-4FF4-96A6-7810E11294B6}"
EndProject
Project("{FAE04EC0-301F-11D3-BF4B-00C04F79EFBC}") = "leftter_demo.iOS", "iOS\leftter_demo.iOS.csproj", "{F9C37FD5-C0C7-495A-ADF7-1FFAD731045B}"
EndProject
Global
	GlobalSection(SolutionConfigurationPlatforms) = preSolution
		Debug|Any CPU = Debug|Any CPU
		Release|Any CPU = Release|Any CPU
		Debug|iPhoneSimulator = Debug|iPhoneSimulator
		Release|iPhone = Release|iPhone
		Release|iPhoneSimulator = Release|iPhoneSimulator
		Debug|iPhone = Debug|iPhone
	EndGlobalSection
	GlobalSection(ProjectConfigurationPlatforms) = postSolution
		{A837F619-08A8-46C3-9C6A-13F18565E25B}.Debug|Any CPU.ActiveCfg = Debug|Any CPU
		{A837F619-08A8-46C3-9C6A-13F18565E25B}.Debug|Any CPU.Build.0 = Debug|Any CPU
		{A837F619-08A8-46C3-9C6A-13F18565E25B}.Release|Any CPU.ActiveCfg = Release|Any CPU
		{A837F619-08A8-46C3-9C6A-13F18565E25B}.Release|Any CPU.Build.0 = Release|Any CPU
		{A837F619-08A8-46C3-9C6A-13F18565E25B}.Debug|iPhoneSimulator.ActiveCfg = Debug|Any CPU
		{A837F619-08A8-46C3-9C6A-13F18565E25B}.Debug|iPhoneSimulator.Build.0 = Debug|Any CPU
		{A837F619-08A8-46C3-9C6A-13F18565E25B}.Release|iPhone.ActiveCfg = Release|Any CPU
		{A837F619-08A8-46C3-9C6A-13F18565E25B}.Release|iPhone.Build.0 = Release|Any CPU
		{A837F619-08A8-46C3-9C6A-13F18565E25B}.Release|iPhoneSimulator.ActiveCfg = Release|Any CPU
		{A837F619-08A8-46C3-9C6A-13F18565E25B}.Release|iPhoneSimulator.Build.0 = Release|Any CPU
		{A837F619-08A8-46C3-9C6A-13F18565E25B}.Debug|iPhone.ActiveCfg = Debug|Any CPU
		{A837F619-08A8-46C3-9C6A-13F18565E25B}.Debug|iPhone.Build.0 = Debug|Any CPU
		{2144DAD6-C10C-4FF4-96A6-7810E11294B6}.Debug|Any CPU.ActiveCfg = Debug|Any CPU
		{2144DAD6-C10C-4FF4-96A6-7810E11294B6}.Debug|Any CPU.Build.0 = Debug|Any CPU
		{2144DAD6-C10C-4FF4-96A6-7810E11294B6}.Release|Any CPU.ActiveCfg = Release|Any CPU
		{2144DAD6-C10C-4FF4-96A6-7810E11294B6}.Release|Any CPU.Build.0 = Release|Any CPU
		{2144DAD6-C10C-4FF4-96A6-7810E11294B6}.Debug|iPhoneSimulator.ActiveCfg = Debug|Any CPU
		{2144DAD6-C10C-4FF4-96A6-7810E11294B6}.Debug|iPhoneSimulator.Build.0 = Debug|Any CPU
		{2144DAD6-C10C-4FF4-96A6-7810E11294B6}.Release|iPhone.ActiveCfg = Release|Any CPU
		{2144DAD6-C10C-4FF4-96A6-7810E11294B6}.Release|iPhone.Build.0 = Release|Any CPU
		{2144DAD6-C10C-4FF4-96A6-7810E11294B6}.Release|iPhoneSimulator.ActiveCfg = Release|Any CPU
		{2144DAD6-C10C-4FF4-96A6-7810E11294B6}.Release|iPhoneSimulator.Build.0 = Release|Any CPU
		{2144DAD6-C10C-4FF4-96A6-7810E11294B6}.Debug|iPhone.ActiveCfg = Debug|Any CPU
		{2144DAD6-C10C-4FF4-96A6-7810E11294B6}.Debug|iPhone.Build.0 = Debug|Any CPU
		{F9C37FD5-C0C7-495A-ADF7-1FFAD731045B}.Debug|Any CPU.ActiveCfg = Debug|iPhoneSimulator
		{F9C37FD5-C0C7-495A-ADF7-1FFAD731045B}.Debug|Any CPU.Build.0 = Debug|iPhoneSimulator
		{F9C37FD5-C0C7-495A-ADF7-1FFAD731045B}.Release|Any CPU.ActiveCfg = Release|iPhone
		{F9C37FD5-C0C7-495A-ADF7-1FFAD731045B}.Release|Any CPU.Build.0 = Release|iPhone
		{F9C37FD5-C0C7-495A-ADF7-1FFAD731045B}.Debug|iPhoneSimulator.ActiveCfg = Debug|iPhoneSimulator
		{F9C37FD5-C0C7-495A-ADF7-1FFAD731045B}.Debug|iPhoneSimulator.Build.0 = Debug|iPhoneSimulator
		{F9C37FD5-C0C7-495A-ADF7-1FFAD731045B}.Release|iPhone.ActiveCfg = Release|iPhone
		{F9C37FD5-C0C7-495A-ADF7-1FFAD731045B}.Release|iPhone.Build.0 = Release|iPhone
		{F9C37FD5-C0C7-495A-ADF7-1FFAD731045B}.Release|iPhoneSimulator.ActiveCfg = Release|iPhoneSimulator
		{F9C37FD5-C0C7-495A-ADF7-1FFAD731045B}.Release|iPhoneSimulator.Build.0 = Release|iPhoneSimulator
		{F9C37FD5-C0C7-495A-ADF7-1FFAD731045B}.Debug|iPhone.ActiveCfg = Debug|iPhone
		{F9C37FD5-C0C7-495A-ADF7-1FFAD731045B}.Debug|iPhone.Build.0 = Debug|iPhone
	EndGlobalSection
EndGlobal
