
Microsoft Visual Studio Solution File, Format Version 12.00
# Visual Studio 2012
Project("{FAE04EC0-301F-11D3-BF4B-00C04F79EFBC}") = "Leftter", "Leftter\Leftter.csproj", "{BE82F1B6-E2E2-42FD-8ABD-428A82D92905}"
EndProject
Project("{FAE04EC0-301F-11D3-BF4B-00C04F79EFBC}") = "Leftter.Droid", "Droid\Leftter.Droid.csproj", "{50A95559-4595-480C-AEC4-2AFEE27E651B}"
EndProject
Project("{FAE04EC0-301F-11D3-BF4B-00C04F79EFBC}") = "Leftter.iOS", "iOS\Leftter.iOS.csproj", "{DE28FA56-77CD-4643-8524-30109F6FAA38}"
EndProject
Global
	GlobalSection(SolutionConfigurationPlatforms) = preSolution
		Debug|Any CPU = Debug|Any CPU
		Release|Any CPU = Release|Any CPU
		Debug|iPhoneSimulator = Debug|iPhoneSimulator
		Release|iPhone = Release|iPhone
		Release|iPhoneSimulator = Release|iPhoneSimulator
		Debug|iPhone = Debug|iPhone
	EndGlobalSection
	GlobalSection(ProjectConfigurationPlatforms) = postSolution
		{BE82F1B6-E2E2-42FD-8ABD-428A82D92905}.Debug|Any CPU.ActiveCfg = Debug|Any CPU
		{BE82F1B6-E2E2-42FD-8ABD-428A82D92905}.Debug|Any CPU.Build.0 = Debug|Any CPU
		{BE82F1B6-E2E2-42FD-8ABD-428A82D92905}.Release|Any CPU.ActiveCfg = Release|Any CPU
		{BE82F1B6-E2E2-42FD-8ABD-428A82D92905}.Release|Any CPU.Build.0 = Release|Any CPU
		{BE82F1B6-E2E2-42FD-8ABD-428A82D92905}.Debug|iPhoneSimulator.ActiveCfg = Debug|Any CPU
		{BE82F1B6-E2E2-42FD-8ABD-428A82D92905}.Debug|iPhoneSimulator.Build.0 = Debug|Any CPU
		{BE82F1B6-E2E2-42FD-8ABD-428A82D92905}.Release|iPhone.ActiveCfg = Release|Any CPU
		{BE82F1B6-E2E2-42FD-8ABD-428A82D92905}.Release|iPhone.Build.0 = Release|Any CPU
		{BE82F1B6-E2E2-42FD-8ABD-428A82D92905}.Release|iPhoneSimulator.ActiveCfg = Release|Any CPU
		{BE82F1B6-E2E2-42FD-8ABD-428A82D92905}.Release|iPhoneSimulator.Build.0 = Release|Any CPU
		{BE82F1B6-E2E2-42FD-8ABD-428A82D92905}.Debug|iPhone.ActiveCfg = Debug|Any CPU
		{BE82F1B6-E2E2-42FD-8ABD-428A82D92905}.Debug|iPhone.Build.0 = Debug|Any CPU
		{50A95559-4595-480C-AEC4-2AFEE27E651B}.Debug|Any CPU.ActiveCfg = Debug|Any CPU
		{50A95559-4595-480C-AEC4-2AFEE27E651B}.Debug|Any CPU.Build.0 = Debug|Any CPU
		{50A95559-4595-480C-AEC4-2AFEE27E651B}.Release|Any CPU.ActiveCfg = Release|Any CPU
		{50A95559-4595-480C-AEC4-2AFEE27E651B}.Release|Any CPU.Build.0 = Release|Any CPU
		{50A95559-4595-480C-AEC4-2AFEE27E651B}.Debug|iPhoneSimulator.ActiveCfg = Debug|Any CPU
		{50A95559-4595-480C-AEC4-2AFEE27E651B}.Debug|iPhoneSimulator.Build.0 = Debug|Any CPU
		{50A95559-4595-480C-AEC4-2AFEE27E651B}.Release|iPhone.ActiveCfg = Release|Any CPU
		{50A95559-4595-480C-AEC4-2AFEE27E651B}.Release|iPhone.Build.0 = Release|Any CPU
		{50A95559-4595-480C-AEC4-2AFEE27E651B}.Release|iPhoneSimulator.ActiveCfg = Release|Any CPU
		{50A95559-4595-480C-AEC4-2AFEE27E651B}.Release|iPhoneSimulator.Build.0 = Release|Any CPU
		{50A95559-4595-480C-AEC4-2AFEE27E651B}.Debug|iPhone.ActiveCfg = Debug|Any CPU
		{50A95559-4595-480C-AEC4-2AFEE27E651B}.Debug|iPhone.Build.0 = Debug|Any CPU
		{DE28FA56-77CD-4643-8524-30109F6FAA38}.Debug|Any CPU.ActiveCfg = Debug|iPhoneSimulator
		{DE28FA56-77CD-4643-8524-30109F6FAA38}.Debug|Any CPU.Build.0 = Debug|iPhoneSimulator
		{DE28FA56-77CD-4643-8524-30109F6FAA38}.Release|Any CPU.ActiveCfg = Release|iPhone
		{DE28FA56-77CD-4643-8524-30109F6FAA38}.Release|Any CPU.Build.0 = Release|iPhone
		{DE28FA56-77CD-4643-8524-30109F6FAA38}.Debug|iPhoneSimulator.ActiveCfg = Debug|iPhoneSimulator
		{DE28FA56-77CD-4643-8524-30109F6FAA38}.Debug|iPhoneSimulator.Build.0 = Debug|iPhoneSimulator
		{DE28FA56-77CD-4643-8524-30109F6FAA38}.Release|iPhone.ActiveCfg = Release|iPhone
		{DE28FA56-77CD-4643-8524-30109F6FAA38}.Release|iPhone.Build.0 = Release|iPhone
		{DE28FA56-77CD-4643-8524-30109F6FAA38}.Release|iPhoneSimulator.ActiveCfg = Release|iPhoneSimulator
		{DE28FA56-77CD-4643-8524-30109F6FAA38}.Release|iPhoneSimulator.Build.0 = Release|iPhoneSimulator
		{DE28FA56-77CD-4643-8524-30109F6FAA38}.Debug|iPhone.ActiveCfg = Debug|iPhone
		{DE28FA56-77CD-4643-8524-30109F6FAA38}.Debug|iPhone.Build.0 = Debug|iPhone
	EndGlobalSection
EndGlobal
